
Microsoft Visual Studio Solution File, Format Version 12.00
# Visual Studio 15
VisualStudioVersion = 15.0.28307.136
MinimumVisualStudioVersion = 10.0.40219.1
Project("{8BC9CEB8-8B4A-11D0-8D11-00A0C91BC942}") = "CSCI 230 Project 4", "CSCI 230 Project 4\CSCI 230 Project 4.vcxproj", "{0D08F690-B111-4B8D-A237-C67B6F2C1740}"
EndProject
Global
	GlobalSection(SolutionConfigurationPlatforms) = preSolution
		Debug|x64 = Debug|x64
		Debug|x86 = Debug|x86
		Release|x64 = Release|x64
		Release|x86 = Release|x86
	EndGlobalSection
	GlobalSection(ProjectConfigurationPlatforms) = postSolution
		{0D08F690-B111-4B8D-A237-C67B6F2C1740}.Debug|x64.ActiveCfg = Debug|x64
		{0D08F690-B111-4B8D-A237-C67B6F2C1740}.Debug|x64.Build.0 = Debug|x64
		{0D08F690-B111-4B8D-A237-C67B6F2C1740}.Debug|x86.ActiveCfg = Debug|Win32
		{0D08F690-B111-4B8D-A237-C67B6F2C1740}.Debug|x86.Build.0 = Debug|Win32
		{0D08F690-B111-4B8D-A237-C67B6F2C1740}.Release|x64.ActiveCfg = Release|x64
		{0D08F690-B111-4B8D-A237-C67B6F2C1740}.Release|x64.Build.0 = Release|x64
		{0D08F690-B111-4B8D-A237-C67B6F2C1740}.Release|x86.ActiveCfg = Release|Win32
		{0D08F690-B111-4B8D-A237-C67B6F2C1740}.Release|x86.Build.0 = Release|Win32
	EndGlobalSection
	GlobalSection(SolutionProperties) = preSolution
		HideSolutionNode = FALSE
	EndGlobalSection
	GlobalSection(ExtensibilityGlobals) = postSolution
		SolutionGuid = {76F6293A-CE0D-4313-85A2-02F9C4F5009E}
	EndGlobalSection
EndGlobal
