
Microsoft Visual Studio Solution File, Format Version 12.00
# Visual Studio 15
VisualStudioVersion = 15.0.28307.136
MinimumVisualStudioVersion = 10.0.40219.1
Project("{8BC9CEB8-8B4A-11D0-8D11-00A0C91BC942}") = "CSCI 230 Project 3", "CSCI 230 Project 3\CSCI 230 Project 3.vcxproj", "{BF43C2AD-0590-436B-9586-234B5BBFCDCD}"
EndProject
Global
	GlobalSection(SolutionConfigurationPlatforms) = preSolution
		Debug|x64 = Debug|x64
		Debug|x86 = Debug|x86
		Release|x64 = Release|x64
		Release|x86 = Release|x86
	EndGlobalSection
	GlobalSection(ProjectConfigurationPlatforms) = postSolution
		{BF43C2AD-0590-436B-9586-234B5BBFCDCD}.Debug|x64.ActiveCfg = Debug|x64
		{BF43C2AD-0590-436B-9586-234B5BBFCDCD}.Debug|x64.Build.0 = Debug|x64
		{BF43C2AD-0590-436B-9586-234B5BBFCDCD}.Debug|x86.ActiveCfg = Debug|Win32
		{BF43C2AD-0590-436B-9586-234B5BBFCDCD}.Debug|x86.Build.0 = Debug|Win32
		{BF43C2AD-0590-436B-9586-234B5BBFCDCD}.Release|x64.ActiveCfg = Release|x64
		{BF43C2AD-0590-436B-9586-234B5BBFCDCD}.Release|x64.Build.0 = Release|x64
		{BF43C2AD-0590-436B-9586-234B5BBFCDCD}.Release|x86.ActiveCfg = Release|Win32
		{BF43C2AD-0590-436B-9586-234B5BBFCDCD}.Release|x86.Build.0 = Release|Win32
	EndGlobalSection
	GlobalSection(SolutionProperties) = preSolution
		HideSolutionNode = FALSE
	EndGlobalSection
	GlobalSection(ExtensibilityGlobals) = postSolution
		SolutionGuid = {7F093423-B027-4CE9-89D9-BF06B4913E81}
	EndGlobalSection
EndGlobal
